
Microsoft Visual Studio Solution File, Format Version 12.00
# Visual Studio Version 16
VisualStudioVersion = 16.0.31105.61
MinimumVisualStudioVersion = 10.0.40219.1
Project("{FAE04EC0-301F-11D3-BF4B-00C04F79EFBC}") = "marshrut_bit", "marshrut_bit\marshrut_bit.csproj", "{0476F2F7-D4F1-47F9-981F-08143D0D8135}"
EndProject
Global
	GlobalSection(SolutionConfigurationPlatforms) = preSolution
		Debug|Any CPU = Debug|Any CPU
		Release|Any CPU = Release|Any CPU
	EndGlobalSection
	GlobalSection(ProjectConfigurationPlatforms) = postSolution
		{0476F2F7-D4F1-47F9-981F-08143D0D8135}.Debug|Any CPU.ActiveCfg = Debug|Any CPU
		{0476F2F7-D4F1-47F9-981F-08143D0D8135}.Debug|Any CPU.Build.0 = Debug|Any CPU
		{0476F2F7-D4F1-47F9-981F-08143D0D8135}.Release|Any CPU.ActiveCfg = Release|Any CPU
		{0476F2F7-D4F1-47F9-981F-08143D0D8135}.Release|Any CPU.Build.0 = Release|Any CPU
	EndGlobalSection
	GlobalSection(SolutionProperties) = preSolution
		HideSolutionNode = FALSE
	EndGlobalSection
	GlobalSection(ExtensibilityGlobals) = postSolution
		SolutionGuid = {8F7EC83C-669A-421B-BF8B-653ACDC0FA42}
	EndGlobalSection
EndGlobal
